// !$*UTF8*$!
{
	archiveVersion = 1;
	classes = {
	};
	objectVersion = 46;
	objects = {

/* Begin PBXBuildFile section */
		1063D70C1DE3390400FC1146 /* NotificationData.m in Sources */ = {isa = PBXBuildFile; fileRef = 1063D70B1DE3390400FC1146 /* NotificationData.m */; };
		1075EEC61DD8F60E00793813 /* AppSettings.m in Sources */ = {isa = PBXBuildFile; fileRef = 1075EEC51DD8F60E00793813 /* AppSettings.m */; };
		1075EEC91DD9086600793813 /* DailyRoutine.m in Sources */ = {isa = PBXBuildFile; fileRef = 1075EEC81DD9086600793813 /* DailyRoutine.m */; };
		1075EECF1DD9494E00793813 /* CustomHabit.m in Sources */ = {isa = PBXBuildFile; fileRef = 1075EECE1DD9494E00793813 /* CustomHabit.m */; };
		1075EED41DD94B7A00793813 /* AppDatabase.m in Sources */ = {isa = PBXBuildFile; fileRef = 1075EED31DD94B7A00793813 /* AppDatabase.m */; };
		1075EEDB1DD964AA00793813 /* AppNotificationCenter.m in Sources */ = {isa = PBXBuildFile; fileRef = 1075EEDA1DD964AA00793813 /* AppNotificationCenter.m */; };
		1075EEE71DDD833600793813 /* DailyRoutineSectionHeaderView.m in Sources */ = {isa = PBXBuildFile; fileRef = 1075EEE61DDD833600793813 /* DailyRoutineSectionHeaderView.m */; };
		1075EEE91DDE0E6C00793813 /* DailyRoutineSectionHeaderView.xib in Resources */ = {isa = PBXBuildFile; fileRef = 1075EEE81DDE0E6C00793813 /* DailyRoutineSectionHeaderView.xib */; };
		1075EEEB1DDE115300793813 /* Assets.xcassets in Resources */ = {isa = PBXBuildFile; fileRef = 1075EEEA1DDE115300793813 /* Assets.xcassets */; };
		1075EEF11DDE1BBA00793813 /* CustomHabitSectionHeaderView.m in Sources */ = {isa = PBXBuildFile; fileRef = 1075EEF01DDE1BBA00793813 /* CustomHabitSectionHeaderView.m */; };
		1075EEF31DDE1BD100793813 /* CustomHabitSectionHeaderView.xib in Resources */ = {isa = PBXBuildFile; fileRef = 1075EEF21DDE1BD100793813 /* CustomHabitSectionHeaderView.xib */; };
		108C2F801DE0117D002C4202 /* DatePickerView.xib in Resources */ = {isa = PBXBuildFile; fileRef = 108C2F7F1DE0117D002C4202 /* DatePickerView.xib */; };
		108C2F831DE0D05B002C4202 /* DatePickerView.m in Sources */ = {isa = PBXBuildFile; fileRef = 108C2F821DE0D05B002C4202 /* DatePickerView.m */; };
		108C2F861DE115AF002C4202 /* HabitCell2.m in Sources */ = {isa = PBXBuildFile; fileRef = 108C2F851DE115AF002C4202 /* HabitCell2.m */; };
		108C2F8B1DE1185D002C4202 /* AppTime.m in Sources */ = {isa = PBXBuildFile; fileRef = 108C2F8A1DE1185D002C4202 /* AppTime.m */; };
		2E1829891DC4BA5B0072722C /* doge1.gif in Resources */ = {isa = PBXBuildFile; fileRef = 2E1829881DC4BA5B0072722C /* doge1.gif */; };
		2E18298D1DC4C5250072722C /* doge3.gif in Resources */ = {isa = PBXBuildFile; fileRef = 2E18298C1DC4C5250072722C /* doge3.gif */; };
		2E18298F1DC4C8D10072722C /* GifImageView.swift in Sources */ = {isa = PBXBuildFile; fileRef = 2E18298E1DC4C8D10072722C /* GifImageView.swift */; };
		2E1829981DC4D1B60072722C /* sleep1.png in Resources */ = {isa = PBXBuildFile; fileRef = 2E1829911DC4D1B60072722C /* sleep1.png */; };
		2E1829991DC4D1B60072722C /* sleep7.png in Resources */ = {isa = PBXBuildFile; fileRef = 2E1829921DC4D1B60072722C /* sleep7.png */; };
		2E18299A1DC4D1B60072722C /* sleep2.png in Resources */ = {isa = PBXBuildFile; fileRef = 2E1829931DC4D1B60072722C /* sleep2.png */; };
		2E18299B1DC4D1B60072722C /* sleep3.png in Resources */ = {isa = PBXBuildFile; fileRef = 2E1829941DC4D1B60072722C /* sleep3.png */; };
		2E18299D1DC4D1B60072722C /* sleep5.png in Resources */ = {isa = PBXBuildFile; fileRef = 2E1829961DC4D1B60072722C /* sleep5.png */; };
		2E18299E1DC4D1B60072722C /* sleep6.png in Resources */ = {isa = PBXBuildFile; fileRef = 2E1829971DC4D1B60072722C /* sleep6.png */; };
		2E1829A01DC4D3820072722C /* sleep4.png in Resources */ = {isa = PBXBuildFile; fileRef = 2E18299F1DC4D3820072722C /* sleep4.png */; };
		2E1829A21DC4D7030072722C /* MessageView.swift in Sources */ = {isa = PBXBuildFile; fileRef = 2E1829A11DC4D7030072722C /* MessageView.swift */; };
		2E1829C01DC4EF9A0072722C /* play1.png in Resources */ = {isa = PBXBuildFile; fileRef = 2E1829B61DC4EF9A0072722C /* play1.png */; };
		2E1829C11DC4EF9A0072722C /* play2.png in Resources */ = {isa = PBXBuildFile; fileRef = 2E1829B71DC4EF9A0072722C /* play2.png */; };
		2E1829C21DC4EF9A0072722C /* play3.png in Resources */ = {isa = PBXBuildFile; fileRef = 2E1829B81DC4EF9A0072722C /* play3.png */; };
		2E1829C31DC4EF9A0072722C /* play4.png in Resources */ = {isa = PBXBuildFile; fileRef = 2E1829B91DC4EF9A0072722C /* play4.png */; };
		2E1829C41DC4EF9A0072722C /* play5.png in Resources */ = {isa = PBXBuildFile; fileRef = 2E1829BA1DC4EF9A0072722C /* play5.png */; };
		2E1829C51DC4EF9A0072722C /* play6.png in Resources */ = {isa = PBXBuildFile; fileRef = 2E1829BB1DC4EF9A0072722C /* play6.png */; };
		2E1829C61DC4EF9A0072722C /* play7.png in Resources */ = {isa = PBXBuildFile; fileRef = 2E1829BC1DC4EF9A0072722C /* play7.png */; };
		2E1829C71DC4EF9A0072722C /* play8.png in Resources */ = {isa = PBXBuildFile; fileRef = 2E1829BD1DC4EF9A0072722C /* play8.png */; };
		2E1829C81DC4EF9A0072722C /* play9.png in Resources */ = {isa = PBXBuildFile; fileRef = 2E1829BE1DC4EF9A0072722C /* play9.png */; };
		2E1829C91DC4EF9A0072722C /* play10.png in Resources */ = {isa = PBXBuildFile; fileRef = 2E1829BF1DC4EF9A0072722C /* play10.png */; };
		2E1829CE1DC4EFC20072722C /* touch1.png in Resources */ = {isa = PBXBuildFile; fileRef = 2E1829CB1DC4EFC20072722C /* touch1.png */; };
		2E1829CF1DC4EFC20072722C /* touch2.png in Resources */ = {isa = PBXBuildFile; fileRef = 2E1829CC1DC4EFC20072722C /* touch2.png */; };
		2E1829D01DC4EFC20072722C /* touch3.png in Resources */ = {isa = PBXBuildFile; fileRef = 2E1829CD1DC4EFC20072722C /* touch3.png */; };
		2E1829D21DC4EFCB0072722C /* touch4.png in Resources */ = {isa = PBXBuildFile; fileRef = 2E1829D11DC4EFCB0072722C /* touch4.png */; };
		2E1829D51DC4EFE10072722C /* random1.png in Resources */ = {isa = PBXBuildFile; fileRef = 2E1829D31DC4EFE10072722C /* random1.png */; };
		2E1829D61DC4EFE10072722C /* random2.png in Resources */ = {isa = PBXBuildFile; fileRef = 2E1829D41DC4EFE10072722C /* random2.png */; };
		2E1829D91DC4F5CA0072722C /* sleep.wav in Resources */ = {isa = PBXBuildFile; fileRef = 2E1829D81DC4F5CA0072722C /* sleep.wav */; };
		2E1829DB1DC4F5D70072722C /* touchdog.mp3 in Resources */ = {isa = PBXBuildFile; fileRef = 2E1829DA1DC4F5D70072722C /* touchdog.mp3 */; };
		2E1829DD1DC4F9B00072722C /* eat.mp3 in Resources */ = {isa = PBXBuildFile; fileRef = 2E1829DC1DC4F9B00072722C /* eat.mp3 */; };
		2E1829DF1DC4F9B70072722C /* play.mp3 in Resources */ = {isa = PBXBuildFile; fileRef = 2E1829DE1DC4F9B70072722C /* play.mp3 */; };
		2E1829E11DC5000E0072722C /* Bubble.swift in Sources */ = {isa = PBXBuildFile; fileRef = 2E1829E01DC5000E0072722C /* Bubble.swift */; };
		2E1829E91DC510070072722C /* AssistorOn.png in Resources */ = {isa = PBXBuildFile; fileRef = 2E1829E81DC510070072722C /* AssistorOn.png */; };
		2E1829EB1DC510330072722C /* AssistorOff.png in Resources */ = {isa = PBXBuildFile; fileRef = 2E1829EA1DC510330072722C /* AssistorOff.png */; };
		2E1829EF1DC511540072722C /* sleepBtn.png in Resources */ = {isa = PBXBuildFile; fileRef = 2E1829EC1DC511540072722C /* sleepBtn.png */; };
		2E1829F01DC511540072722C /* playBtn.png in Resources */ = {isa = PBXBuildFile; fileRef = 2E1829ED1DC511540072722C /* playBtn.png */; };
		2E1829F11DC511540072722C /* feedBtn.png in Resources */ = {isa = PBXBuildFile; fileRef = 2E1829EE1DC511540072722C /* feedBtn.png */; };
		2E1829F31DC511DE0072722C /* backapp.png in Resources */ = {isa = PBXBuildFile; fileRef = 2E1829F21DC511DE0072722C /* backapp.png */; };
		2E1829F51DC5143B0072722C /* back.png in Resources */ = {isa = PBXBuildFile; fileRef = 2E1829F41DC5143B0072722C /* back.png */; };
		2E1829F71DC515320072722C /* doge11.png in Resources */ = {isa = PBXBuildFile; fileRef = 2E1829F61DC515320072722C /* doge11.png */; };
		2E1829F91DC5153C0072722C /* eyes.png in Resources */ = {isa = PBXBuildFile; fileRef = 2E1829F81DC5153C0072722C /* eyes.png */; };
		2E182A041DC5156A0072722C /* eat11.png in Resources */ = {isa = PBXBuildFile; fileRef = 2E1829FA1DC5156A0072722C /* eat11.png */; };
		2E182A051DC5156A0072722C /* eat12.png in Resources */ = {isa = PBXBuildFile; fileRef = 2E1829FB1DC5156A0072722C /* eat12.png */; };
		2E182A061DC5156A0072722C /* eat13.png in Resources */ = {isa = PBXBuildFile; fileRef = 2E1829FC1DC5156A0072722C /* eat13.png */; };
		2E182A071DC5156A0072722C /* eat14.png in Resources */ = {isa = PBXBuildFile; fileRef = 2E1829FD1DC5156A0072722C /* eat14.png */; };
		2E182A081DC5156A0072722C /* eat15.png in Resources */ = {isa = PBXBuildFile; fileRef = 2E1829FE1DC5156A0072722C /* eat15.png */; };
		2E182A091DC5156A0072722C /* eat16.png in Resources */ = {isa = PBXBuildFile; fileRef = 2E1829FF1DC5156A0072722C /* eat16.png */; };
		2E182A0A1DC5156A0072722C /* eat17.png in Resources */ = {isa = PBXBuildFile; fileRef = 2E182A001DC5156A0072722C /* eat17.png */; };
		2E182A0B1DC5156A0072722C /* eat18.png in Resources */ = {isa = PBXBuildFile; fileRef = 2E182A011DC5156A0072722C /* eat18.png */; };
		2E182A0C1DC5156A0072722C /* eat19.png in Resources */ = {isa = PBXBuildFile; fileRef = 2E182A021DC5156A0072722C /* eat19.png */; };
		2E182A0D1DC5156A0072722C /* eat110.png in Resources */ = {isa = PBXBuildFile; fileRef = 2E182A031DC5156A0072722C /* eat110.png */; };
		2E182A151DC51A200072722C /* wear1.png in Resources */ = {isa = PBXBuildFile; fileRef = 2E182A0F1DC51A1F0072722C /* wear1.png */; };
		2E182A161DC51A200072722C /* wear2.png in Resources */ = {isa = PBXBuildFile; fileRef = 2E182A101DC51A1F0072722C /* wear2.png */; };
		2E182A171DC51A200072722C /* wear3.png in Resources */ = {isa = PBXBuildFile; fileRef = 2E182A111DC51A1F0072722C /* wear3.png */; };
		2E182A181DC51A200072722C /* wear4.png in Resources */ = {isa = PBXBuildFile; fileRef = 2E182A121DC51A200072722C /* wear4.png */; };
		2E182A191DC51A200072722C /* wear5.png in Resources */ = {isa = PBXBuildFile; fileRef = 2E182A131DC51A200072722C /* wear5.png */; };
		2E182A1A1DC51A200072722C /* wear6.png in Resources */ = {isa = PBXBuildFile; fileRef = 2E182A141DC51A200072722C /* wear6.png */; };
		2E7EEDC81DC486CC000AC993 /* MainInterface.storyboard in Resources */ = {isa = PBXBuildFile; fileRef = 2E7EEDC61DC486CC000AC993 /* MainInterface.storyboard */; };
		2E9C1EFE1DC5407400E02A3F /* diag.png in Resources */ = {isa = PBXBuildFile; fileRef = 2E9C1EFD1DC5407400E02A3F /* diag.png */; };
		2E9C1F001DC5660B00E02A3F /* Main.storyboard in Resources */ = {isa = PBXBuildFile; fileRef = 2E9C1EFF1DC5660B00E02A3F /* Main.storyboard */; };
		2E9C1F181DC5673A00E02A3F /* EditNameViewController.m in Sources */ = {isa = PBXBuildFile; fileRef = 2E9C1F081DC5673A00E02A3F /* EditNameViewController.m */; };
		2E9C1F191DC5673A00E02A3F /* HabitCell.m in Sources */ = {isa = PBXBuildFile; fileRef = 2E9C1F0A1DC5673A00E02A3F /* HabitCell.m */; };
		2E9C1F1B1DC5673A00E02A3F /* HabitDevelopViewController.m in Sources */ = {isa = PBXBuildFile; fileRef = 2E9C1F0E1DC5673A00E02A3F /* HabitDevelopViewController.m */; };
		2E9C1F1C1DC5673A00E02A3F /* HowToPlayViewController.m in Sources */ = {isa = PBXBuildFile; fileRef = 2E9C1F101DC5673A00E02A3F /* HowToPlayViewController.m */; };
		2E9C1F1D1DC5673A00E02A3F /* MainViewController.m in Sources */ = {isa = PBXBuildFile; fileRef = 2E9C1F121DC5673A00E02A3F /* MainViewController.m */; };
		2E9C1F1E1DC5673A00E02A3F /* NewHabitViewController.m in Sources */ = {isa = PBXBuildFile; fileRef = 2E9C1F141DC5673A00E02A3F /* NewHabitViewController.m */; };
		2EA930701DC438BC0065B905 /* main.m in Sources */ = {isa = PBXBuildFile; fileRef = 2EA9306F1DC438BC0065B905 /* main.m */; };
		2EA930731DC438BC0065B905 /* AppDelegate.m in Sources */ = {isa = PBXBuildFile; fileRef = 2EA930721DC438BC0065B905 /* AppDelegate.m */; };
		2EA9307E1DC438BC0065B905 /* LaunchScreen.storyboard in Resources */ = {isa = PBXBuildFile; fileRef = 2EA9307C1DC438BC0065B905 /* LaunchScreen.storyboard */; };
		2EA930891DC438BD0065B905 /* DooogeTests.m in Sources */ = {isa = PBXBuildFile; fileRef = 2EA930881DC438BD0065B905 /* DooogeTests.m */; };
		2EA930941DC438BD0065B905 /* DooogeUITests.m in Sources */ = {isa = PBXBuildFile; fileRef = 2EA930931DC438BD0065B905 /* DooogeUITests.m */; };
		2EA930A81DC43B910065B905 /* NotificationCenter.framework in Frameworks */ = {isa = PBXBuildFile; fileRef = 2EA930A71DC43B910065B905 /* NotificationCenter.framework */; };
		2EA930AB1DC43B910065B905 /* TodayViewController.swift in Sources */ = {isa = PBXBuildFile; fileRef = 2EA930AA1DC43B910065B905 /* TodayViewController.swift */; };
		2EA930B21DC43B910065B905 /* My Doooge.appex in Embed App Extensions */ = {isa = PBXBuildFile; fileRef = 2EA930A51DC43B910065B905 /* My Doooge.appex */; settings = {ATTRIBUTES = (RemoveHeadersOnCopy, ); }; };
		E2DF866C961085ED03C972B1 /* libPods-Doooge.a in Frameworks */ = {isa = PBXBuildFile; fileRef = 9B8017E11AEAC9E4F1B86031 /* libPods-Doooge.a */; };
/* End PBXBuildFile section */

/* Begin PBXContainerItemProxy section */
		2EA930851DC438BD0065B905 /* PBXContainerItemProxy */ = {
			isa = PBXContainerItemProxy;
			containerPortal = 2EA930631DC438BB0065B905 /* Project object */;
			proxyType = 1;
			remoteGlobalIDString = 2EA9306A1DC438BC0065B905;
			remoteInfo = Doooge;
		};
		2EA930901DC438BD0065B905 /* PBXContainerItemProxy */ = {
			isa = PBXContainerItemProxy;
			containerPortal = 2EA930631DC438BB0065B905 /* Project object */;
			proxyType = 1;
			remoteGlobalIDString = 2EA9306A1DC438BC0065B905;
			remoteInfo = Doooge;
		};
		2EA930B01DC43B910065B905 /* PBXContainerItemProxy */ = {
			isa = PBXContainerItemProxy;
			containerPortal = 2EA930631DC438BB0065B905 /* Project object */;
			proxyType = 1;
			remoteGlobalIDString = 2EA930A41DC43B910065B905;
			remoteInfo = "My Doooge";
		};
/* End PBXContainerItemProxy section */

/* Begin PBXCopyFilesBuildPhase section */
		2EA930B61DC43B910065B905 /* Embed App Extensions */ = {
			isa = PBXCopyFilesBuildPhase;
			buildActionMask = 2147483647;
			dstPath = "";
			dstSubfolderSpec = 13;
			files = (
				2EA930B21DC43B910065B905 /* My Doooge.appex in Embed App Extensions */,
			);
			name = "Embed App Extensions";
			runOnlyForDeploymentPostprocessing = 0;
		};
/* End PBXCopyFilesBuildPhase section */

/* Begin PBXFileReference section */
		05DC02C671597A690BCD3EA0 /* Pods-Doooge.debug.xcconfig */ = {isa = PBXFileReference; includeInIndex = 1; lastKnownFileType = text.xcconfig; name = "Pods-Doooge.debug.xcconfig"; path = "Pods/Target Support Files/Pods-Doooge/Pods-Doooge.debug.xcconfig"; sourceTree = "<group>"; };
		101E8D1D1DC8BC870034390E /* PrefixHeader.pch */ = {isa = PBXFileReference; lastKnownFileType = sourcecode.c.h; path = PrefixHeader.pch; sourceTree = "<group>"; };
		1063D70A1DE3390400FC1146 /* NotificationData.h */ = {isa = PBXFileReference; fileEncoding = 4; lastKnownFileType = sourcecode.c.h; path = NotificationData.h; sourceTree = "<group>"; };
		1063D70B1DE3390400FC1146 /* NotificationData.m */ = {isa = PBXFileReference; fileEncoding = 4; lastKnownFileType = sourcecode.c.objc; path = NotificationData.m; sourceTree = "<group>"; };
		1075EEC41DD8F60E00793813 /* AppSettings.h */ = {isa = PBXFileReference; fileEncoding = 4; lastKnownFileType = sourcecode.c.h; path = AppSettings.h; sourceTree = "<group>"; };
		1075EEC51DD8F60E00793813 /* AppSettings.m */ = {isa = PBXFileReference; fileEncoding = 4; lastKnownFileType = sourcecode.c.objc; path = AppSettings.m; sourceTree = "<group>"; };
		1075EEC71DD9086600793813 /* DailyRoutine.h */ = {isa = PBXFileReference; fileEncoding = 4; lastKnownFileType = sourcecode.c.h; name = DailyRoutine.h; path = Controller/DailyRoutine.h; sourceTree = "<group>"; };
		1075EEC81DD9086600793813 /* DailyRoutine.m */ = {isa = PBXFileReference; fileEncoding = 4; lastKnownFileType = sourcecode.c.objc; name = DailyRoutine.m; path = Controller/DailyRoutine.m; sourceTree = "<group>"; };
		1075EECD1DD9494E00793813 /* CustomHabit.h */ = {isa = PBXFileReference; fileEncoding = 4; lastKnownFileType = sourcecode.c.h; name = CustomHabit.h; path = Controller/CustomHabit.h; sourceTree = "<group>"; };
		1075EECE1DD9494E00793813 /* CustomHabit.m */ = {isa = PBXFileReference; fileEncoding = 4; lastKnownFileType = sourcecode.c.objc; name = CustomHabit.m; path = Controller/CustomHabit.m; sourceTree = "<group>"; };
		1075EED21DD94B7A00793813 /* AppDatabase.h */ = {isa = PBXFileReference; fileEncoding = 4; lastKnownFileType = sourcecode.c.h; path = AppDatabase.h; sourceTree = "<group>"; };
		1075EED31DD94B7A00793813 /* AppDatabase.m */ = {isa = PBXFileReference; fileEncoding = 4; lastKnownFileType = sourcecode.c.objc; path = AppDatabase.m; sourceTree = "<group>"; };
		1075EED91DD964AA00793813 /* AppNotificationCenter.h */ = {isa = PBXFileReference; fileEncoding = 4; lastKnownFileType = sourcecode.c.h; path = AppNotificationCenter.h; sourceTree = "<group>"; };
		1075EEDA1DD964AA00793813 /* AppNotificationCenter.m */ = {isa = PBXFileReference; fileEncoding = 4; lastKnownFileType = sourcecode.c.objc; path = AppNotificationCenter.m; sourceTree = "<group>"; };
		1075EEE51DDD833600793813 /* DailyRoutineSectionHeaderView.h */ = {isa = PBXFileReference; fileEncoding = 4; lastKnownFileType = sourcecode.c.h; name = DailyRoutineSectionHeaderView.h; path = Controller/DailyRoutineSectionHeaderView.h; sourceTree = "<group>"; };
		1075EEE61DDD833600793813 /* DailyRoutineSectionHeaderView.m */ = {isa = PBXFileReference; fileEncoding = 4; lastKnownFileType = sourcecode.c.objc; name = DailyRoutineSectionHeaderView.m; path = Controller/DailyRoutineSectionHeaderView.m; sourceTree = "<group>"; };
		1075EEE81DDE0E6C00793813 /* DailyRoutineSectionHeaderView.xib */ = {isa = PBXFileReference; fileEncoding = 4; lastKnownFileType = file.xib; path = DailyRoutineSectionHeaderView.xib; sourceTree = "<group>"; };
		1075EEEA1DDE115300793813 /* Assets.xcassets */ = {isa = PBXFileReference; lastKnownFileType = folder.assetcatalog; path = Assets.xcassets; sourceTree = "<group>"; };
		1075EEEF1DDE1BBA00793813 /* CustomHabitSectionHeaderView.h */ = {isa = PBXFileReference; fileEncoding = 4; lastKnownFileType = sourcecode.c.h; name = CustomHabitSectionHeaderView.h; path = Controller/CustomHabitSectionHeaderView.h; sourceTree = "<group>"; };
		1075EEF01DDE1BBA00793813 /* CustomHabitSectionHeaderView.m */ = {isa = PBXFileReference; fileEncoding = 4; lastKnownFileType = sourcecode.c.objc; name = CustomHabitSectionHeaderView.m; path = Controller/CustomHabitSectionHeaderView.m; sourceTree = "<group>"; };
		1075EEF21DDE1BD100793813 /* CustomHabitSectionHeaderView.xib */ = {isa = PBXFileReference; fileEncoding = 4; lastKnownFileType = file.xib; path = CustomHabitSectionHeaderView.xib; sourceTree = "<group>"; };
		108C2F7F1DE0117D002C4202 /* DatePickerView.xib */ = {isa = PBXFileReference; fileEncoding = 4; lastKnownFileType = file.xib; path = DatePickerView.xib; sourceTree = "<group>"; };
		108C2F811DE0D05B002C4202 /* DatePickerView.h */ = {isa = PBXFileReference; fileEncoding = 4; lastKnownFileType = sourcecode.c.h; path = DatePickerView.h; sourceTree = "<group>"; };
		108C2F821DE0D05B002C4202 /* DatePickerView.m */ = {isa = PBXFileReference; fileEncoding = 4; lastKnownFileType = sourcecode.c.objc; path = DatePickerView.m; sourceTree = "<group>"; };
		108C2F841DE115AF002C4202 /* HabitCell2.h */ = {isa = PBXFileReference; fileEncoding = 4; lastKnownFileType = sourcecode.c.h; name = HabitCell2.h; path = Controller/HabitCell2.h; sourceTree = "<group>"; };
		108C2F851DE115AF002C4202 /* HabitCell2.m */ = {isa = PBXFileReference; fileEncoding = 4; lastKnownFileType = sourcecode.c.objc; name = HabitCell2.m; path = Controller/HabitCell2.m; sourceTree = "<group>"; };
		108C2F891DE1185D002C4202 /* AppTime.h */ = {isa = PBXFileReference; fileEncoding = 4; lastKnownFileType = sourcecode.c.h; path = AppTime.h; sourceTree = "<group>"; };
		108C2F8A1DE1185D002C4202 /* AppTime.m */ = {isa = PBXFileReference; fileEncoding = 4; lastKnownFileType = sourcecode.c.objc; path = AppTime.m; sourceTree = "<group>"; };
		2E1829881DC4BA5B0072722C /* doge1.gif */ = {isa = PBXFileReference; lastKnownFileType = image.gif; path = doge1.gif; sourceTree = "<group>"; };
		2E18298C1DC4C5250072722C /* doge3.gif */ = {isa = PBXFileReference; lastKnownFileType = image.gif; path = doge3.gif; sourceTree = "<group>"; };
		2E18298E1DC4C8D10072722C /* GifImageView.swift */ = {isa = PBXFileReference; fileEncoding = 4; lastKnownFileType = sourcecode.swift; path = GifImageView.swift; sourceTree = "<group>"; };
		2E1829911DC4D1B60072722C /* sleep1.png */ = {isa = PBXFileReference; lastKnownFileType = image.png; path = sleep1.png; sourceTree = "<group>"; };
		2E1829921DC4D1B60072722C /* sleep7.png */ = {isa = PBXFileReference; lastKnownFileType = image.png; path = sleep7.png; sourceTree = "<group>"; };
		2E1829931DC4D1B60072722C /* sleep2.png */ = {isa = PBXFileReference; lastKnownFileType = image.png; path = sleep2.png; sourceTree = "<group>"; };
		2E1829941DC4D1B60072722C /* sleep3.png */ = {isa = PBXFileReference; lastKnownFileType = image.png; path = sleep3.png; sourceTree = "<group>"; };
		2E1829961DC4D1B60072722C /* sleep5.png */ = {isa = PBXFileReference; lastKnownFileType = image.png; path = sleep5.png; sourceTree = "<group>"; };
		2E1829971DC4D1B60072722C /* sleep6.png */ = {isa = PBXFileReference; lastKnownFileType = image.png; path = sleep6.png; sourceTree = "<group>"; };
		2E18299F1DC4D3820072722C /* sleep4.png */ = {isa = PBXFileReference; lastKnownFileType = image.png; path = sleep4.png; sourceTree = "<group>"; };
		2E1829A11DC4D7030072722C /* MessageView.swift */ = {isa = PBXFileReference; fileEncoding = 4; lastKnownFileType = sourcecode.swift; path = MessageView.swift; sourceTree = "<group>"; };
		2E1829B61DC4EF9A0072722C /* play1.png */ = {isa = PBXFileReference; lastKnownFileType = image.png; path = play1.png; sourceTree = "<group>"; };
		2E1829B71DC4EF9A0072722C /* play2.png */ = {isa = PBXFileReference; lastKnownFileType = image.png; path = play2.png; sourceTree = "<group>"; };
		2E1829B81DC4EF9A0072722C /* play3.png */ = {isa = PBXFileReference; lastKnownFileType = image.png; path = play3.png; sourceTree = "<group>"; };
		2E1829B91DC4EF9A0072722C /* play4.png */ = {isa = PBXFileReference; lastKnownFileType = image.png; path = play4.png; sourceTree = "<group>"; };
		2E1829BA1DC4EF9A0072722C /* play5.png */ = {isa = PBXFileReference; lastKnownFileType = image.png; path = play5.png; sourceTree = "<group>"; };
		2E1829BB1DC4EF9A0072722C /* play6.png */ = {isa = PBXFileReference; lastKnownFileType = image.png; path = play6.png; sourceTree = "<group>"; };
		2E1829BC1DC4EF9A0072722C /* play7.png */ = {isa = PBXFileReference; lastKnownFileType = image.png; path = play7.png; sourceTree = "<group>"; };
		2E1829BD1DC4EF9A0072722C /* play8.png */ = {isa = PBXFileReference; lastKnownFileType = image.png; path = play8.png; sourceTree = "<group>"; };
		2E1829BE1DC4EF9A0072722C /* play9.png */ = {isa = PBXFileReference; lastKnownFileType = image.png; path = play9.png; sourceTree = "<group>"; };
		2E1829BF1DC4EF9A0072722C /* play10.png */ = {isa = PBXFileReference; lastKnownFileType = image.png; path = play10.png; sourceTree = "<group>"; };
		2E1829CB1DC4EFC20072722C /* touch1.png */ = {isa = PBXFileReference; lastKnownFileType = image.png; path = touch1.png; sourceTree = "<group>"; };
		2E1829CC1DC4EFC20072722C /* touch2.png */ = {isa = PBXFileReference; lastKnownFileType = image.png; path = touch2.png; sourceTree = "<group>"; };
		2E1829CD1DC4EFC20072722C /* touch3.png */ = {isa = PBXFileReference; lastKnownFileType = image.png; path = touch3.png; sourceTree = "<group>"; };
		2E1829D11DC4EFCB0072722C /* touch4.png */ = {isa = PBXFileReference; lastKnownFileType = image.png; path = touch4.png; sourceTree = "<group>"; };
		2E1829D31DC4EFE10072722C /* random1.png */ = {isa = PBXFileReference; lastKnownFileType = image.png; path = random1.png; sourceTree = "<group>"; };
		2E1829D41DC4EFE10072722C /* random2.png */ = {isa = PBXFileReference; lastKnownFileType = image.png; path = random2.png; sourceTree = "<group>"; };
		2E1829D81DC4F5CA0072722C /* sleep.wav */ = {isa = PBXFileReference; lastKnownFileType = audio.wav; path = sleep.wav; sourceTree = "<group>"; };
		2E1829DA1DC4F5D70072722C /* touchdog.mp3 */ = {isa = PBXFileReference; lastKnownFileType = audio.mp3; path = touchdog.mp3; sourceTree = "<group>"; };
		2E1829DC1DC4F9B00072722C /* eat.mp3 */ = {isa = PBXFileReference; lastKnownFileType = audio.mp3; path = eat.mp3; sourceTree = "<group>"; };
		2E1829DE1DC4F9B70072722C /* play.mp3 */ = {isa = PBXFileReference; lastKnownFileType = audio.mp3; path = play.mp3; sourceTree = "<group>"; };
		2E1829E01DC5000E0072722C /* Bubble.swift */ = {isa = PBXFileReference; fileEncoding = 4; lastKnownFileType = sourcecode.swift; path = Bubble.swift; sourceTree = "<group>"; };
		2E1829E81DC510070072722C /* AssistorOn.png */ = {isa = PBXFileReference; lastKnownFileType = image.png; name = AssistorOn.png; path = "../My Doooge/AssistorOn.png"; sourceTree = "<group>"; };
		2E1829EA1DC510330072722C /* AssistorOff.png */ = {isa = PBXFileReference; lastKnownFileType = image.png; path = AssistorOff.png; sourceTree = "<group>"; };
		2E1829EC1DC511540072722C /* sleepBtn.png */ = {isa = PBXFileReference; lastKnownFileType = image.png; path = sleepBtn.png; sourceTree = "<group>"; };
		2E1829ED1DC511540072722C /* playBtn.png */ = {isa = PBXFileReference; lastKnownFileType = image.png; path = playBtn.png; sourceTree = "<group>"; };
		2E1829EE1DC511540072722C /* feedBtn.png */ = {isa = PBXFileReference; lastKnownFileType = image.png; path = feedBtn.png; sourceTree = "<group>"; };
		2E1829F21DC511DE0072722C /* backapp.png */ = {isa = PBXFileReference; lastKnownFileType = image.png; path = backapp.png; sourceTree = "<group>"; };
		2E1829F41DC5143B0072722C /* back.png */ = {isa = PBXFileReference; lastKnownFileType = image.png; path = back.png; sourceTree = "<group>"; };
		2E1829F61DC515320072722C /* doge11.png */ = {isa = PBXFileReference; lastKnownFileType = image.png; path = doge11.png; sourceTree = "<group>"; };
		2E1829F81DC5153C0072722C /* eyes.png */ = {isa = PBXFileReference; lastKnownFileType = image.png; path = eyes.png; sourceTree = "<group>"; };
		2E1829FA1DC5156A0072722C /* eat11.png */ = {isa = PBXFileReference; lastKnownFileType = image.png; path = eat11.png; sourceTree = "<group>"; };
		2E1829FB1DC5156A0072722C /* eat12.png */ = {isa = PBXFileReference; lastKnownFileType = image.png; path = eat12.png; sourceTree = "<group>"; };
		2E1829FC1DC5156A0072722C /* eat13.png */ = {isa = PBXFileReference; lastKnownFileType = image.png; path = eat13.png; sourceTree = "<group>"; };
		2E1829FD1DC5156A0072722C /* eat14.png */ = {isa = PBXFileReference; lastKnownFileType = image.png; path = eat14.png; sourceTree = "<group>"; };
		2E1829FE1DC5156A0072722C /* eat15.png */ = {isa = PBXFileReference; lastKnownFileType = image.png; path = eat15.png; sourceTree = "<group>"; };
		2E1829FF1DC5156A0072722C /* eat16.png */ = {isa = PBXFileReference; lastKnownFileType = image.png; path = eat16.png; sourceTree = "<group>"; };
		2E182A001DC5156A0072722C /* eat17.png */ = {isa = PBXFileReference; lastKnownFileType = image.png; path = eat17.png; sourceTree = "<group>"; };
		2E182A011DC5156A0072722C /* eat18.png */ = {isa = PBXFileReference; lastKnownFileType = image.png; path = eat18.png; sourceTree = "<group>"; };
		2E182A021DC5156A0072722C /* eat19.png */ = {isa = PBXFileReference; lastKnownFileType = image.png; path = eat19.png; sourceTree = "<group>"; };
		2E182A031DC5156A0072722C /* eat110.png */ = {isa = PBXFileReference; lastKnownFileType = image.png; path = eat110.png; sourceTree = "<group>"; };
		2E182A0F1DC51A1F0072722C /* wear1.png */ = {isa = PBXFileReference; lastKnownFileType = image.png; path = wear1.png; sourceTree = "<group>"; };
		2E182A101DC51A1F0072722C /* wear2.png */ = {isa = PBXFileReference; lastKnownFileType = image.png; path = wear2.png; sourceTree = "<group>"; };
		2E182A111DC51A1F0072722C /* wear3.png */ = {isa = PBXFileReference; lastKnownFileType = image.png; path = wear3.png; sourceTree = "<group>"; };
		2E182A121DC51A200072722C /* wear4.png */ = {isa = PBXFileReference; lastKnownFileType = image.png; path = wear4.png; sourceTree = "<group>"; };
		2E182A131DC51A200072722C /* wear5.png */ = {isa = PBXFileReference; lastKnownFileType = image.png; path = wear5.png; sourceTree = "<group>"; };
		2E182A141DC51A200072722C /* wear6.png */ = {isa = PBXFileReference; lastKnownFileType = image.png; path = wear6.png; sourceTree = "<group>"; };
		2E7A47F41DC459D6007832E5 /* Doooge.entitlements */ = {isa = PBXFileReference; lastKnownFileType = text.plist.entitlements; path = Doooge.entitlements; sourceTree = "<group>"; };
		2E7EED721DC46119000AC993 /* My Doooge.entitlements */ = {isa = PBXFileReference; lastKnownFileType = text.plist.entitlements; path = "My Doooge.entitlements"; sourceTree = "<group>"; };
		2E7EEDC71DC486CC000AC993 /* Base */ = {isa = PBXFileReference; lastKnownFileType = file.storyboard; name = Base; path = Base.lproj/MainInterface.storyboard; sourceTree = "<group>"; };
		2E9C1EFD1DC5407400E02A3F /* diag.png */ = {isa = PBXFileReference; lastKnownFileType = image.png; path = diag.png; sourceTree = "<group>"; };
		2E9C1EFF1DC5660B00E02A3F /* Main.storyboard */ = {isa = PBXFileReference; fileEncoding = 4; lastKnownFileType = file.storyboard; path = Main.storyboard; sourceTree = "<group>"; };
		2E9C1F071DC5673A00E02A3F /* EditNameViewController.h */ = {isa = PBXFileReference; fileEncoding = 4; lastKnownFileType = sourcecode.c.h; name = EditNameViewController.h; path = Controller/EditNameViewController.h; sourceTree = "<group>"; };
		2E9C1F081DC5673A00E02A3F /* EditNameViewController.m */ = {isa = PBXFileReference; fileEncoding = 4; lastKnownFileType = sourcecode.c.objc; name = EditNameViewController.m; path = Controller/EditNameViewController.m; sourceTree = "<group>"; };
		2E9C1F091DC5673A00E02A3F /* HabitCell.h */ = {isa = PBXFileReference; fileEncoding = 4; lastKnownFileType = sourcecode.c.h; name = HabitCell.h; path = Controller/HabitCell.h; sourceTree = "<group>"; };
		2E9C1F0A1DC5673A00E02A3F /* HabitCell.m */ = {isa = PBXFileReference; fileEncoding = 4; lastKnownFileType = sourcecode.c.objc; name = HabitCell.m; path = Controller/HabitCell.m; sourceTree = "<group>"; };
		2E9C1F0D1DC5673A00E02A3F /* HabitDevelopViewController.h */ = {isa = PBXFileReference; fileEncoding = 4; lastKnownFileType = sourcecode.c.h; name = HabitDevelopViewController.h; path = Controller/HabitDevelopViewController.h; sourceTree = "<group>"; };
		2E9C1F0E1DC5673A00E02A3F /* HabitDevelopViewController.m */ = {isa = PBXFileReference; fileEncoding = 4; lastKnownFileType = sourcecode.c.objc; name = HabitDevelopViewController.m; path = Controller/HabitDevelopViewController.m; sourceTree = "<group>"; };
		2E9C1F0F1DC5673A00E02A3F /* HowToPlayViewController.h */ = {isa = PBXFileReference; fileEncoding = 4; lastKnownFileType = sourcecode.c.h; name = HowToPlayViewController.h; path = Controller/HowToPlayViewController.h; sourceTree = "<group>"; };
		2E9C1F101DC5673A00E02A3F /* HowToPlayViewController.m */ = {isa = PBXFileReference; fileEncoding = 4; lastKnownFileType = sourcecode.c.objc; name = HowToPlayViewController.m; path = Controller/HowToPlayViewController.m; sourceTree = "<group>"; };
		2E9C1F111DC5673A00E02A3F /* MainViewController.h */ = {isa = PBXFileReference; fileEncoding = 4; lastKnownFileType = sourcecode.c.h; name = MainViewController.h; path = Controller/MainViewController.h; sourceTree = "<group>"; };
		2E9C1F121DC5673A00E02A3F /* MainViewController.m */ = {isa = PBXFileReference; fileEncoding = 4; lastKnownFileType = sourcecode.c.objc; name = MainViewController.m; path = Controller/MainViewController.m; sourceTree = "<group>"; };
		2E9C1F131DC5673A00E02A3F /* NewHabitViewController.h */ = {isa = PBXFileReference; fileEncoding = 4; lastKnownFileType = sourcecode.c.h; name = NewHabitViewController.h; path = Controller/NewHabitViewController.h; sourceTree = "<group>"; };
		2E9C1F141DC5673A00E02A3F /* NewHabitViewController.m */ = {isa = PBXFileReference; fileEncoding = 4; lastKnownFileType = sourcecode.c.objc; name = NewHabitViewController.m; path = Controller/NewHabitViewController.m; sourceTree = "<group>"; };
		2EA9306B1DC438BC0065B905 /* Doooge.app */ = {isa = PBXFileReference; explicitFileType = wrapper.application; includeInIndex = 0; path = Doooge.app; sourceTree = BUILT_PRODUCTS_DIR; };
		2EA9306F1DC438BC0065B905 /* main.m */ = {isa = PBXFileReference; lastKnownFileType = sourcecode.c.objc; path = main.m; sourceTree = "<group>"; };
		2EA930711DC438BC0065B905 /* AppDelegate.h */ = {isa = PBXFileReference; lastKnownFileType = sourcecode.c.h; path = AppDelegate.h; sourceTree = "<group>"; };
		2EA930721DC438BC0065B905 /* AppDelegate.m */ = {isa = PBXFileReference; lastKnownFileType = sourcecode.c.objc; path = AppDelegate.m; sourceTree = "<group>"; };
		2EA9307D1DC438BC0065B905 /* Base */ = {isa = PBXFileReference; lastKnownFileType = file.storyboard; name = Base; path = Base.lproj/LaunchScreen.storyboard; sourceTree = "<group>"; };
		2EA9307F1DC438BC0065B905 /* Info.plist */ = {isa = PBXFileReference; lastKnownFileType = text.plist.xml; path = Info.plist; sourceTree = "<group>"; };
		2EA930841DC438BD0065B905 /* DooogeTests.xctest */ = {isa = PBXFileReference; explicitFileType = wrapper.cfbundle; includeInIndex = 0; path = DooogeTests.xctest; sourceTree = BUILT_PRODUCTS_DIR; };
		2EA930881DC438BD0065B905 /* DooogeTests.m */ = {isa = PBXFileReference; lastKnownFileType = sourcecode.c.objc; path = DooogeTests.m; sourceTree = "<group>"; };
		2EA9308A1DC438BD0065B905 /* Info.plist */ = {isa = PBXFileReference; lastKnownFileType = text.plist.xml; path = Info.plist; sourceTree = "<group>"; };
		2EA9308F1DC438BD0065B905 /* DooogeUITests.xctest */ = {isa = PBXFileReference; explicitFileType = wrapper.cfbundle; includeInIndex = 0; path = DooogeUITests.xctest; sourceTree = BUILT_PRODUCTS_DIR; };
		2EA930931DC438BD0065B905 /* DooogeUITests.m */ = {isa = PBXFileReference; lastKnownFileType = sourcecode.c.objc; path = DooogeUITests.m; sourceTree = "<group>"; };
		2EA930951DC438BD0065B905 /* Info.plist */ = {isa = PBXFileReference; lastKnownFileType = text.plist.xml; path = Info.plist; sourceTree = "<group>"; };
		2EA930A51DC43B910065B905 /* My Doooge.appex */ = {isa = PBXFileReference; explicitFileType = "wrapper.app-extension"; includeInIndex = 0; path = "My Doooge.appex"; sourceTree = BUILT_PRODUCTS_DIR; };
		2EA930A71DC43B910065B905 /* NotificationCenter.framework */ = {isa = PBXFileReference; lastKnownFileType = wrapper.framework; name = NotificationCenter.framework; path = System/Library/Frameworks/NotificationCenter.framework; sourceTree = SDKROOT; };
		2EA930AA1DC43B910065B905 /* TodayViewController.swift */ = {isa = PBXFileReference; lastKnownFileType = sourcecode.swift; path = TodayViewController.swift; sourceTree = "<group>"; };
		2EA930AF1DC43B910065B905 /* Info.plist */ = {isa = PBXFileReference; lastKnownFileType = text.plist.xml; path = Info.plist; sourceTree = "<group>"; };
		6F6735FDC46C53FC5F58932E /* Pods-Doooge.release.xcconfig */ = {isa = PBXFileReference; includeInIndex = 1; lastKnownFileType = text.xcconfig; name = "Pods-Doooge.release.xcconfig"; path = "Pods/Target Support Files/Pods-Doooge/Pods-Doooge.release.xcconfig"; sourceTree = "<group>"; };
		9B8017E11AEAC9E4F1B86031 /* libPods-Doooge.a */ = {isa = PBXFileReference; explicitFileType = archive.ar; includeInIndex = 0; path = "libPods-Doooge.a"; sourceTree = BUILT_PRODUCTS_DIR; };
/* End PBXFileReference section */

/* Begin PBXFrameworksBuildPhase section */
		2EA930681DC438BC0065B905 /* Frameworks */ = {
			isa = PBXFrameworksBuildPhase;
			buildActionMask = 2147483647;
			files = (
				E2DF866C961085ED03C972B1 /* libPods-Doooge.a in Frameworks */,
			);
			runOnlyForDeploymentPostprocessing = 0;
		};
		2EA930811DC438BD0065B905 /* Frameworks */ = {
			isa = PBXFrameworksBuildPhase;
			buildActionMask = 2147483647;
			files = (
			);
			runOnlyForDeploymentPostprocessing = 0;
		};
		2EA9308C1DC438BD0065B905 /* Frameworks */ = {
			isa = PBXFrameworksBuildPhase;
			buildActionMask = 2147483647;
			files = (
			);
			runOnlyForDeploymentPostprocessing = 0;
		};
		2EA930A21DC43B910065B905 /* Frameworks */ = {
			isa = PBXFrameworksBuildPhase;
			buildActionMask = 2147483647;
			files = (
				2EA930A81DC43B910065B905 /* NotificationCenter.framework in Frameworks */,
			);
			runOnlyForDeploymentPostprocessing = 0;
		};
/* End PBXFrameworksBuildPhase section */

/* Begin PBXGroup section */
		101E8D1B1DC8BAFB0034390E /* Main */ = {
			isa = PBXGroup;
			children = (
				2E9C1F111DC5673A00E02A3F /* MainViewController.h */,
				2E9C1F121DC5673A00E02A3F /* MainViewController.m */,
			);
			name = Main;
			sourceTree = "<group>";
		};
		101E8D1C1DC8BC6C0034390E /* PCH */ = {
			isa = PBXGroup;
			children = (
				101E8D1D1DC8BC870034390E /* PrefixHeader.pch */,
			);
			name = PCH;
			sourceTree = "<group>";
		};
		101E8D1E1DC8C0650034390E /* EditName */ = {
			isa = PBXGroup;
			children = (
				2E9C1F071DC5673A00E02A3F /* EditNameViewController.h */,
				2E9C1F081DC5673A00E02A3F /* EditNameViewController.m */,
			);
			name = EditName;
			sourceTree = "<group>";
		};
		1075EED01DD94B4900793813 /* Model */ = {
			isa = PBXGroup;
			children = (
				1075EEC71DD9086600793813 /* DailyRoutine.h */,
				1075EEC81DD9086600793813 /* DailyRoutine.m */,
				1075EECD1DD9494E00793813 /* CustomHabit.h */,
				1075EECE1DD9494E00793813 /* CustomHabit.m */,
			);
			name = Model;
			sourceTree = "<group>";
		};
		1075EED11DD94B5500793813 /* Singleton */ = {
			isa = PBXGroup;
			children = (
				1075EED21DD94B7A00793813 /* AppDatabase.h */,
				1075EED31DD94B7A00793813 /* AppDatabase.m */,
			);
			name = Singleton;
			sourceTree = "<group>";
		};
		1075EED51DD95F8300793813 /* Settings */ = {
			isa = PBXGroup;
			children = (
				1075EEE11DD9734400793813 /* Singleton */,
			);
			name = Settings;
			sourceTree = "<group>";
		};
		1075EEDF1DD9724F00793813 /* Static */ = {
			isa = PBXGroup;
			children = (
				1063D70A1DE3390400FC1146 /* NotificationData.h */,
				1063D70B1DE3390400FC1146 /* NotificationData.m */,
			);
			name = Static;
			sourceTree = "<group>";
		};
		1075EEE01DD9733A00793813 /* Singleton */ = {
			isa = PBXGroup;
			children = (
				1075EED91DD964AA00793813 /* AppNotificationCenter.h */,
				1075EEDA1DD964AA00793813 /* AppNotificationCenter.m */,
			);
			name = Singleton;
			sourceTree = "<group>";
		};
		1075EEE11DD9734400793813 /* Singleton */ = {
			isa = PBXGroup;
			children = (
				1075EEC41DD8F60E00793813 /* AppSettings.h */,
				1075EEC51DD8F60E00793813 /* AppSettings.m */,
			);
			name = Singleton;
			sourceTree = "<group>";
		};
		108C2F7E1DE00A1E002C4202 /* Assist */ = {
			isa = PBXGroup;
			children = (
				108C2F7F1DE0117D002C4202 /* DatePickerView.xib */,
				108C2F811DE0D05B002C4202 /* DatePickerView.h */,
				108C2F821DE0D05B002C4202 /* DatePickerView.m */,
			);
			name = Assist;
			sourceTree = "<group>";
		};
		108C2F871DE11838002C4202 /* Time */ = {
			isa = PBXGroup;
			children = (
				108C2F881DE11849002C4202 /* Singleton */,
			);
			name = Time;
			sourceTree = "<group>";
		};
		108C2F881DE11849002C4202 /* Singleton */ = {
			isa = PBXGroup;
			children = (
				108C2F891DE1185D002C4202 /* AppTime.h */,
				108C2F8A1DE1185D002C4202 /* AppTime.m */,
			);
			name = Singleton;
			sourceTree = "<group>";
		};
		10C668081DC9890D0099C379 /* Notification */ = {
			isa = PBXGroup;
			children = (
				1075EEDF1DD9724F00793813 /* Static */,
				1075EEE01DD9733A00793813 /* Singleton */,
			);
			name = Notification;
			sourceTree = "<group>";
		};
		10C668091DC98A940099C379 /* Database */ = {
			isa = PBXGroup;
			children = (
				1075EED11DD94B5500793813 /* Singleton */,
				1075EED01DD94B4900793813 /* Model */,
			);
			name = Database;
			sourceTree = "<group>";
		};
		10C6680A1DC98E370099C379 /* HowToPlay */ = {
			isa = PBXGroup;
			children = (
				2E9C1F0F1DC5673A00E02A3F /* HowToPlayViewController.h */,
				2E9C1F101DC5673A00E02A3F /* HowToPlayViewController.m */,
			);
			name = HowToPlay;
			sourceTree = "<group>";
		};
		10C6680B1DC98E4D0099C379 /* HabitDevelop */ = {
			isa = PBXGroup;
			children = (
				2E9C1F091DC5673A00E02A3F /* HabitCell.h */,
				2E9C1F0A1DC5673A00E02A3F /* HabitCell.m */,
				108C2F841DE115AF002C4202 /* HabitCell2.h */,
				108C2F851DE115AF002C4202 /* HabitCell2.m */,
				1075EEE51DDD833600793813 /* DailyRoutineSectionHeaderView.h */,
				1075EEE61DDD833600793813 /* DailyRoutineSectionHeaderView.m */,
				1075EEE81DDE0E6C00793813 /* DailyRoutineSectionHeaderView.xib */,
				1075EEEF1DDE1BBA00793813 /* CustomHabitSectionHeaderView.h */,
				1075EEF01DDE1BBA00793813 /* CustomHabitSectionHeaderView.m */,
				1075EEF21DDE1BD100793813 /* CustomHabitSectionHeaderView.xib */,
				2E9C1F0D1DC5673A00E02A3F /* HabitDevelopViewController.h */,
				2E9C1F0E1DC5673A00E02A3F /* HabitDevelopViewController.m */,
			);
			name = HabitDevelop;
			sourceTree = "<group>";
		};
		10C6680C1DC98E720099C379 /* NewHabit */ = {
			isa = PBXGroup;
			children = (
				2E9C1F131DC5673A00E02A3F /* NewHabitViewController.h */,
				2E9C1F141DC5673A00E02A3F /* NewHabitViewController.m */,
			);
			name = NewHabit;
			sourceTree = "<group>";
		};
		10C6680D1DC98F0A0099C379 /* UI */ = {
			isa = PBXGroup;
			children = (
				108C2F7E1DE00A1E002C4202 /* Assist */,
				101E8D1B1DC8BAFB0034390E /* Main */,
				101E8D1E1DC8C0650034390E /* EditName */,
				10C6680C1DC98E720099C379 /* NewHabit */,
				10C6680B1DC98E4D0099C379 /* HabitDevelop */,
				10C6680A1DC98E370099C379 /* HowToPlay */,
			);
			name = UI;
			sourceTree = "<group>";
		};
		2E1829901DC4CDF50072722C /* Sleep */ = {
			isa = PBXGroup;
			children = (
				2E1829911DC4D1B60072722C /* sleep1.png */,
				2E1829931DC4D1B60072722C /* sleep2.png */,
				2E1829941DC4D1B60072722C /* sleep3.png */,
				2E18299F1DC4D3820072722C /* sleep4.png */,
				2E1829961DC4D1B60072722C /* sleep5.png */,
				2E1829971DC4D1B60072722C /* sleep6.png */,
				2E1829921DC4D1B60072722C /* sleep7.png */,
			);
			name = Sleep;
			sourceTree = "<group>";
		};
		2E1829A31DC4E0A30072722C /* Eat */ = {
			isa = PBXGroup;
			children = (
				2E1829FA1DC5156A0072722C /* eat11.png */,
				2E1829FB1DC5156A0072722C /* eat12.png */,
				2E1829FC1DC5156A0072722C /* eat13.png */,
				2E1829FD1DC5156A0072722C /* eat14.png */,
				2E1829FE1DC5156A0072722C /* eat15.png */,
				2E1829FF1DC5156A0072722C /* eat16.png */,
				2E182A001DC5156A0072722C /* eat17.png */,
				2E182A011DC5156A0072722C /* eat18.png */,
				2E182A021DC5156A0072722C /* eat19.png */,
				2E182A031DC5156A0072722C /* eat110.png */,
			);
			name = Eat;
			sourceTree = "<group>";
		};
		2E1829A41DC4E0AE0072722C /* Static */ = {
			isa = PBXGroup;
			children = (
				2E1829D31DC4EFE10072722C /* random1.png */,
				2E1829D41DC4EFE10072722C /* random2.png */,
			);
			name = Static;
			sourceTree = "<group>";
		};
		2E1829A51DC4E0C00072722C /* play */ = {
			isa = PBXGroup;
			children = (
				2E1829B61DC4EF9A0072722C /* play1.png */,
				2E1829B71DC4EF9A0072722C /* play2.png */,
				2E1829B81DC4EF9A0072722C /* play3.png */,
				2E1829B91DC4EF9A0072722C /* play4.png */,
				2E1829BA1DC4EF9A0072722C /* play5.png */,
				2E1829BB1DC4EF9A0072722C /* play6.png */,
				2E1829BC1DC4EF9A0072722C /* play7.png */,
				2E1829BD1DC4EF9A0072722C /* play8.png */,
				2E1829BE1DC4EF9A0072722C /* play9.png */,
				2E1829BF1DC4EF9A0072722C /* play10.png */,
			);
			name = play;
			sourceTree = "<group>";
		};
		2E1829CA1DC4EFA90072722C /* Touch */ = {
			isa = PBXGroup;
			children = (
				2E1829CB1DC4EFC20072722C /* touch1.png */,
				2E1829CC1DC4EFC20072722C /* touch2.png */,
				2E1829CD1DC4EFC20072722C /* touch3.png */,
				2E1829D11DC4EFCB0072722C /* touch4.png */,
			);
			name = Touch;
			sourceTree = "<group>";
		};
		2E1829D71DC4F5B60072722C /* Sound */ = {
			isa = PBXGroup;
			children = (
				2E1829DE1DC4F9B70072722C /* play.mp3 */,
				2E1829DC1DC4F9B00072722C /* eat.mp3 */,
				2E1829DA1DC4F5D70072722C /* touchdog.mp3 */,
				2E1829D81DC4F5CA0072722C /* sleep.wav */,
			);
			name = Sound;
			sourceTree = "<group>";
		};
		2E182A0E1DC51A120072722C /* Wear */ = {
			isa = PBXGroup;
			children = (
				2E182A0F1DC51A1F0072722C /* wear1.png */,
				2E182A101DC51A1F0072722C /* wear2.png */,
				2E182A111DC51A1F0072722C /* wear3.png */,
				2E182A121DC51A200072722C /* wear4.png */,
				2E182A131DC51A200072722C /* wear5.png */,
				2E182A141DC51A200072722C /* wear6.png */,
			);
			name = Wear;
			sourceTree = "<group>";
		};
		2E7EED731DC470DA000AC993 /* GIF Contents */ = {
			isa = PBXGroup;
			children = (
				2E182A0E1DC51A120072722C /* Wear */,
				2E1829CA1DC4EFA90072722C /* Touch */,
				2E1829A51DC4E0C00072722C /* play */,
				2E1829A41DC4E0AE0072722C /* Static */,
				2E1829A31DC4E0A30072722C /* Eat */,
				2E1829901DC4CDF50072722C /* Sleep */,
				2E18298C1DC4C5250072722C /* doge3.gif */,
				2E1829F81DC5153C0072722C /* eyes.png */,
				2E1829F61DC515320072722C /* doge11.png */,
				2E1829881DC4BA5B0072722C /* doge1.gif */,
				2E1829F41DC5143B0072722C /* back.png */,
				2E1829E81DC510070072722C /* AssistorOn.png */,
				2E1829EA1DC510330072722C /* AssistorOff.png */,
				2E1829EC1DC511540072722C /* sleepBtn.png */,
				2E1829ED1DC511540072722C /* playBtn.png */,
				2E1829EE1DC511540072722C /* feedBtn.png */,
				2E1829F21DC511DE0072722C /* backapp.png */,
				2E9C1EFD1DC5407400E02A3F /* diag.png */,
			);
			name = "GIF Contents";
			path = ../DooogeUITests;
			sourceTree = "<group>";
		};
		2EA930621DC438BB0065B905 = {
			isa = PBXGroup;
			children = (
				2EA9306D1DC438BC0065B905 /* Doooge */,
				2EA930871DC438BD0065B905 /* DooogeTests */,
				2EA930921DC438BD0065B905 /* DooogeUITests */,
				2EA930A91DC43B910065B905 /* My Doooge */,
				2EA930A61DC43B910065B905 /* Frameworks */,
				2EA9306C1DC438BC0065B905 /* Products */,
				F7CCD268CADBDC2581BF8DBE /* Pods */,
			);
			sourceTree = "<group>";
		};
		2EA9306C1DC438BC0065B905 /* Products */ = {
			isa = PBXGroup;
			children = (
				2EA9306B1DC438BC0065B905 /* Doooge.app */,
				2EA930841DC438BD0065B905 /* DooogeTests.xctest */,
				2EA9308F1DC438BD0065B905 /* DooogeUITests.xctest */,
				2EA930A51DC43B910065B905 /* My Doooge.appex */,
			);
			name = Products;
			sourceTree = "<group>";
		};
		2EA9306D1DC438BC0065B905 /* Doooge */ = {
			isa = PBXGroup;
			children = (
				2EA930711DC438BC0065B905 /* AppDelegate.h */,
				2EA930721DC438BC0065B905 /* AppDelegate.m */,
				101E8D1C1DC8BC6C0034390E /* PCH */,
				108C2F871DE11838002C4202 /* Time */,
				1075EED51DD95F8300793813 /* Settings */,
				10C668081DC9890D0099C379 /* Notification */,
				10C668091DC98A940099C379 /* Database */,
				10C6680D1DC98F0A0099C379 /* UI */,
				2E7A47F41DC459D6007832E5 /* Doooge.entitlements */,
				1075EEEA1DDE115300793813 /* Assets.xcassets */,
				2E9C1EFF1DC5660B00E02A3F /* Main.storyboard */,
				2EA9307C1DC438BC0065B905 /* LaunchScreen.storyboard */,
				2EA9307F1DC438BC0065B905 /* Info.plist */,
				2EA9306E1DC438BC0065B905 /* Supporting Files */,
			);
			path = Doooge;
			sourceTree = "<group>";
		};
		2EA9306E1DC438BC0065B905 /* Supporting Files */ = {
			isa = PBXGroup;
			children = (
				2EA9306F1DC438BC0065B905 /* main.m */,
			);
			name = "Supporting Files";
			sourceTree = "<group>";
		};
		2EA930871DC438BD0065B905 /* DooogeTests */ = {
			isa = PBXGroup;
			children = (
				2EA930881DC438BD0065B905 /* DooogeTests.m */,
				2EA9308A1DC438BD0065B905 /* Info.plist */,
			);
			path = DooogeTests;
			sourceTree = "<group>";
		};
		2EA930921DC438BD0065B905 /* DooogeUITests */ = {
			isa = PBXGroup;
			children = (
				2EA930931DC438BD0065B905 /* DooogeUITests.m */,
				2EA930951DC438BD0065B905 /* Info.plist */,
			);
			path = DooogeUITests;
			sourceTree = "<group>";
		};
		2EA930A61DC43B910065B905 /* Frameworks */ = {
			isa = PBXGroup;
			children = (
				2EA930A71DC43B910065B905 /* NotificationCenter.framework */,
				9B8017E11AEAC9E4F1B86031 /* libPods-Doooge.a */,
			);
			name = Frameworks;
			sourceTree = "<group>";
		};
		2EA930A91DC43B910065B905 /* My Doooge */ = {
			isa = PBXGroup;
			children = (
				2E1829D71DC4F5B60072722C /* Sound */,
				2E7EED731DC470DA000AC993 /* GIF Contents */,
				2E7EED721DC46119000AC993 /* My Doooge.entitlements */,
				2EA930AA1DC43B910065B905 /* TodayViewController.swift */,
				2EA930AF1DC43B910065B905 /* Info.plist */,
				2E7EEDC61DC486CC000AC993 /* MainInterface.storyboard */,
				2E18298E1DC4C8D10072722C /* GifImageView.swift */,
				2E1829A11DC4D7030072722C /* MessageView.swift */,
				2E1829E01DC5000E0072722C /* Bubble.swift */,
			);
			path = "My Doooge";
			sourceTree = "<group>";
		};
		F7CCD268CADBDC2581BF8DBE /* Pods */ = {
			isa = PBXGroup;
			children = (
				05DC02C671597A690BCD3EA0 /* Pods-Doooge.debug.xcconfig */,
				6F6735FDC46C53FC5F58932E /* Pods-Doooge.release.xcconfig */,
			);
			name = Pods;
			sourceTree = "<group>";
		};
/* End PBXGroup section */

/* Begin PBXNativeTarget section */
		2EA9306A1DC438BC0065B905 /* Doooge */ = {
			isa = PBXNativeTarget;
			buildConfigurationList = 2EA930981DC438BD0065B905 /* Build configuration list for PBXNativeTarget "Doooge" */;
			buildPhases = (
				78F40B81EAC85A9D572EAD80 /* [CP] Check Pods Manifest.lock */,
				2EA930671DC438BC0065B905 /* Sources */,
				2EA930681DC438BC0065B905 /* Frameworks */,
				2EA930691DC438BC0065B905 /* Resources */,
				2EA930B61DC43B910065B905 /* Embed App Extensions */,
				A1389E53FBB71874BF5B8D1A /* [CP] Embed Pods Frameworks */,
				B97B1688EF12BD0958CEB042 /* [CP] Copy Pods Resources */,
			);
			buildRules = (
			);
			dependencies = (
				2EA930B11DC43B910065B905 /* PBXTargetDependency */,
			);
			name = Doooge;
			productName = Doooge;
			productReference = 2EA9306B1DC438BC0065B905 /* Doooge.app */;
			productType = "com.apple.product-type.application";
		};
		2EA930831DC438BD0065B905 /* DooogeTests */ = {
			isa = PBXNativeTarget;
			buildConfigurationList = 2EA9309B1DC438BD0065B905 /* Build configuration list for PBXNativeTarget "DooogeTests" */;
			buildPhases = (
				2EA930801DC438BD0065B905 /* Sources */,
				2EA930811DC438BD0065B905 /* Frameworks */,
				2EA930821DC438BD0065B905 /* Resources */,
			);
			buildRules = (
			);
			dependencies = (
				2EA930861DC438BD0065B905 /* PBXTargetDependency */,
			);
			name = DooogeTests;
			productName = DooogeTests;
			productReference = 2EA930841DC438BD0065B905 /* DooogeTests.xctest */;
			productType = "com.apple.product-type.bundle.unit-test";
		};
		2EA9308E1DC438BD0065B905 /* DooogeUITests */ = {
			isa = PBXNativeTarget;
			buildConfigurationList = 2EA9309E1DC438BD0065B905 /* Build configuration list for PBXNativeTarget "DooogeUITests" */;
			buildPhases = (
				2EA9308B1DC438BD0065B905 /* Sources */,
				2EA9308C1DC438BD0065B905 /* Frameworks */,
				2EA9308D1DC438BD0065B905 /* Resources */,
			);
			buildRules = (
			);
			dependencies = (
				2EA930911DC438BD0065B905 /* PBXTargetDependency */,
			);
			name = DooogeUITests;
			productName = DooogeUITests;
			productReference = 2EA9308F1DC438BD0065B905 /* DooogeUITests.xctest */;
			productType = "com.apple.product-type.bundle.ui-testing";
		};
		2EA930A41DC43B910065B905 /* My Doooge */ = {
			isa = PBXNativeTarget;
			buildConfigurationList = 2EA930B31DC43B910065B905 /* Build configuration list for PBXNativeTarget "My Doooge" */;
			buildPhases = (
				2EA930A11DC43B910065B905 /* Sources */,
				2EA930A21DC43B910065B905 /* Frameworks */,
				2EA930A31DC43B910065B905 /* Resources */,
			);
			buildRules = (
			);
			dependencies = (
			);
			name = "My Doooge";
			productName = "My Doooge";
			productReference = 2EA930A51DC43B910065B905 /* My Doooge.appex */;
			productType = "com.apple.product-type.app-extension";
		};
/* End PBXNativeTarget section */

/* Begin PBXProject section */
		2EA930631DC438BB0065B905 /* Project object */ = {
			isa = PBXProject;
			attributes = {
				LastSwiftUpdateCheck = 0810;
				LastUpgradeCheck = 0810;
				ORGANIZATIONNAME = VicChan;
				TargetAttributes = {
					2EA9306A1DC438BC0065B905 = {
						CreatedOnToolsVersion = 8.1;
						DevelopmentTeam = T97FFXXX75;
						ProvisioningStyle = Automatic;
						SystemCapabilities = {
							com.apple.ApplicationGroups.iOS = {
								enabled = 1;
							};
						};
					};
					2EA930831DC438BD0065B905 = {
						CreatedOnToolsVersion = 8.1;
						DevelopmentTeam = T97FFXXX75;
						ProvisioningStyle = Automatic;
						TestTargetID = 2EA9306A1DC438BC0065B905;
					};
					2EA9308E1DC438BD0065B905 = {
						CreatedOnToolsVersion = 8.1;
						DevelopmentTeam = T97FFXXX75;
						ProvisioningStyle = Automatic;
						TestTargetID = 2EA9306A1DC438BC0065B905;
					};
					2EA930A41DC43B910065B905 = {
						CreatedOnToolsVersion = 8.1;
						DevelopmentTeam = T97FFXXX75;
						ProvisioningStyle = Automatic;
						SystemCapabilities = {
							com.apple.ApplicationGroups.iOS = {
								enabled = 1;
							};
						};
					};
				};
			};
			buildConfigurationList = 2EA930661DC438BB0065B905 /* Build configuration list for PBXProject "Doooge" */;
			compatibilityVersion = "Xcode 3.2";
			developmentRegion = English;
			hasScannedForEncodings = 0;
			knownRegions = (
				en,
				Base,
			);
			mainGroup = 2EA930621DC438BB0065B905;
			productRefGroup = 2EA9306C1DC438BC0065B905 /* Products */;
			projectDirPath = "";
			projectRoot = "";
			targets = (
				2EA9306A1DC438BC0065B905 /* Doooge */,
				2EA930831DC438BD0065B905 /* DooogeTests */,
				2EA9308E1DC438BD0065B905 /* DooogeUITests */,
				2EA930A41DC43B910065B905 /* My Doooge */,
			);
		};
/* End PBXProject section */

/* Begin PBXResourcesBuildPhase section */
		2EA930691DC438BC0065B905 /* Resources */ = {
			isa = PBXResourcesBuildPhase;
			buildActionMask = 2147483647;
			files = (
				108C2F801DE0117D002C4202 /* DatePickerView.xib in Resources */,
				1075EEF31DDE1BD100793813 /* CustomHabitSectionHeaderView.xib in Resources */,
				1075EEE91DDE0E6C00793813 /* DailyRoutineSectionHeaderView.xib in Resources */,
				2E9C1F001DC5660B00E02A3F /* Main.storyboard in Resources */,
				1075EEEB1DDE115300793813 /* Assets.xcassets in Resources */,
				2EA9307E1DC438BC0065B905 /* LaunchScreen.storyboard in Resources */,
			);
			runOnlyForDeploymentPostprocessing = 0;
		};
		2EA930821DC438BD0065B905 /* Resources */ = {
			isa = PBXResourcesBuildPhase;
			buildActionMask = 2147483647;
			files = (
			);
			runOnlyForDeploymentPostprocessing = 0;
		};
		2EA9308D1DC438BD0065B905 /* Resources */ = {
			isa = PBXResourcesBuildPhase;
			buildActionMask = 2147483647;
			files = (
			);
			runOnlyForDeploymentPostprocessing = 0;
		};
		2EA930A31DC43B910065B905 /* Resources */ = {
			isa = PBXResourcesBuildPhase;
			buildActionMask = 2147483647;
			files = (
				2E1829C41DC4EF9A0072722C /* play5.png in Resources */,
				2E1829A01DC4D3820072722C /* sleep4.png in Resources */,
				2E182A051DC5156A0072722C /* eat12.png in Resources */,
				2E1829C31DC4EF9A0072722C /* play4.png in Resources */,
				2E1829C91DC4EF9A0072722C /* play10.png in Resources */,
				2E1829F91DC5153C0072722C /* eyes.png in Resources */,
				2E1829CE1DC4EFC20072722C /* touch1.png in Resources */,
				2E182A181DC51A200072722C /* wear4.png in Resources */,
				2E1829E91DC510070072722C /* AssistorOn.png in Resources */,
				2E182A041DC5156A0072722C /* eat11.png in Resources */,
				2E1829C61DC4EF9A0072722C /* play7.png in Resources */,
				2E182A061DC5156A0072722C /* eat13.png in Resources */,
				2E1829DD1DC4F9B00072722C /* eat.mp3 in Resources */,
				2E1829F51DC5143B0072722C /* back.png in Resources */,
				2E1829C11DC4EF9A0072722C /* play2.png in Resources */,
				2E182A0B1DC5156A0072722C /* eat18.png in Resources */,
				2E1829C21DC4EF9A0072722C /* play3.png in Resources */,
				2E1829D61DC4EFE10072722C /* random2.png in Resources */,
				2E1829C51DC4EF9A0072722C /* play6.png in Resources */,
				2E1829D51DC4EFE10072722C /* random1.png in Resources */,
				2E18299E1DC4D1B60072722C /* sleep6.png in Resources */,
				2E182A151DC51A200072722C /* wear1.png in Resources */,
				2E182A0C1DC5156A0072722C /* eat19.png in Resources */,
				2E1829991DC4D1B60072722C /* sleep7.png in Resources */,
				2E182A1A1DC51A200072722C /* wear6.png in Resources */,
				2E1829D01DC4EFC20072722C /* touch3.png in Resources */,
				2E182A191DC51A200072722C /* wear5.png in Resources */,
				2E1829EB1DC510330072722C /* AssistorOff.png in Resources */,
				2E182A161DC51A200072722C /* wear2.png in Resources */,
				2E1829F11DC511540072722C /* feedBtn.png in Resources */,
				2E7EEDC81DC486CC000AC993 /* MainInterface.storyboard in Resources */,
				2E18298D1DC4C5250072722C /* doge3.gif in Resources */,
				2E18299D1DC4D1B60072722C /* sleep5.png in Resources */,
				2E1829D21DC4EFCB0072722C /* touch4.png in Resources */,
				2E182A0A1DC5156A0072722C /* eat17.png in Resources */,
				2E182A071DC5156A0072722C /* eat14.png in Resources */,
				2E1829DB1DC4F5D70072722C /* touchdog.mp3 in Resources */,
				2E182A0D1DC5156A0072722C /* eat110.png in Resources */,
				2E1829F31DC511DE0072722C /* backapp.png in Resources */,
				2E1829891DC4BA5B0072722C /* doge1.gif in Resources */,
				2E9C1EFE1DC5407400E02A3F /* diag.png in Resources */,
				2E18299A1DC4D1B60072722C /* sleep2.png in Resources */,
				2E1829C01DC4EF9A0072722C /* play1.png in Resources */,
				2E1829D91DC4F5CA0072722C /* sleep.wav in Resources */,
				2E1829C71DC4EF9A0072722C /* play8.png in Resources */,
				2E1829CF1DC4EFC20072722C /* touch2.png in Resources */,
				2E1829981DC4D1B60072722C /* sleep1.png in Resources */,
				2E1829C81DC4EF9A0072722C /* play9.png in Resources */,
				2E182A171DC51A200072722C /* wear3.png in Resources */,
				2E182A081DC5156A0072722C /* eat15.png in Resources */,
				2E1829F01DC511540072722C /* playBtn.png in Resources */,
				2E182A091DC5156A0072722C /* eat16.png in Resources */,
				2E1829DF1DC4F9B70072722C /* play.mp3 in Resources */,
				2E1829EF1DC511540072722C /* sleepBtn.png in Resources */,
				2E1829F71DC515320072722C /* doge11.png in Resources */,
				2E18299B1DC4D1B60072722C /* sleep3.png in Resources */,
			);
			runOnlyForDeploymentPostprocessing = 0;
		};
/* End PBXResourcesBuildPhase section */

/* Begin PBXShellScriptBuildPhase section */
		78F40B81EAC85A9D572EAD80 /* [CP] Check Pods Manifest.lock */ = {
			isa = PBXShellScriptBuildPhase;
			buildActionMask = 2147483647;
			files = (
			);
			inputPaths = (
			);
			name = "[CP] Check Pods Manifest.lock";
			outputPaths = (
			);
			runOnlyForDeploymentPostprocessing = 0;
			shellPath = /bin/sh;
			shellScript = "diff \"${PODS_ROOT}/../Podfile.lock\" \"${PODS_ROOT}/Manifest.lock\" > /dev/null\nif [ $? != 0 ] ; then\n    # print error to STDERR\n    echo \"error: The sandbox is not in sync with the Podfile.lock. Run 'pod install' or update your CocoaPods installation.\" >&2\n    exit 1\nfi\n";
			showEnvVarsInLog = 0;
		};
		A1389E53FBB71874BF5B8D1A /* [CP] Embed Pods Frameworks */ = {
			isa = PBXShellScriptBuildPhase;
			buildActionMask = 2147483647;
			files = (
			);
			inputPaths = (
			);
			name = "[CP] Embed Pods Frameworks";
			outputPaths = (
			);
			runOnlyForDeploymentPostprocessing = 0;
			shellPath = /bin/sh;
			shellScript = "\"${SRCROOT}/Pods/Target Support Files/Pods-Doooge/Pods-Doooge-frameworks.sh\"\n";
			showEnvVarsInLog = 0;
		};
		B97B1688EF12BD0958CEB042 /* [CP] Copy Pods Resources */ = {
			isa = PBXShellScriptBuildPhase;
			buildActionMask = 2147483647;
			files = (
			);
			inputPaths = (
			);
			name = "[CP] Copy Pods Resources";
			outputPaths = (
			);
			runOnlyForDeploymentPostprocessing = 0;
			shellPath = /bin/sh;
			shellScript = "\"${SRCROOT}/Pods/Target Support Files/Pods-Doooge/Pods-Doooge-resources.sh\"\n";
			showEnvVarsInLog = 0;
		};
/* End PBXShellScriptBuildPhase section */

/* Begin PBXSourcesBuildPhase section */
		2EA930671DC438BC0065B905 /* Sources */ = {
			isa = PBXSourcesBuildPhase;
			buildActionMask = 2147483647;
			files = (
				108C2F8B1DE1185D002C4202 /* AppTime.m in Sources */,
				2E9C1F1E1DC5673A00E02A3F /* NewHabitViewController.m in Sources */,
				1075EEF11DDE1BBA00793813 /* CustomHabitSectionHeaderView.m in Sources */,
				108C2F831DE0D05B002C4202 /* DatePickerView.m in Sources */,
				2E9C1F1D1DC5673A00E02A3F /* MainViewController.m in Sources */,
				2EA930731DC438BC0065B905 /* AppDelegate.m in Sources */,
				2E9C1F181DC5673A00E02A3F /* EditNameViewController.m in Sources */,
				1075EEC91DD9086600793813 /* DailyRoutine.m in Sources */,
				2EA930701DC438BC0065B905 /* main.m in Sources */,
				1075EEE71DDD833600793813 /* DailyRoutineSectionHeaderView.m in Sources */,
				1063D70C1DE3390400FC1146 /* NotificationData.m in Sources */,
				2E9C1F1B1DC5673A00E02A3F /* HabitDevelopViewController.m in Sources */,
				108C2F861DE115AF002C4202 /* HabitCell2.m in Sources */,
				1075EECF1DD9494E00793813 /* CustomHabit.m in Sources */,
				1075EEDB1DD964AA00793813 /* AppNotificationCenter.m in Sources */,
				2E9C1F1C1DC5673A00E02A3F /* HowToPlayViewController.m in Sources */,
				1075EEC61DD8F60E00793813 /* AppSettings.m in Sources */,
				1075EED41DD94B7A00793813 /* AppDatabase.m in Sources */,
				2E9C1F191DC5673A00E02A3F /* HabitCell.m in Sources */,
			);
			runOnlyForDeploymentPostprocessing = 0;
		};
		2EA930801DC438BD0065B905 /* Sources */ = {
			isa = PBXSourcesBuildPhase;
			buildActionMask = 2147483647;
			files = (
				2EA930891DC438BD0065B905 /* DooogeTests.m in Sources */,
			);
			runOnlyForDeploymentPostprocessing = 0;
		};
		2EA9308B1DC438BD0065B905 /* Sources */ = {
			isa = PBXSourcesBuildPhase;
			buildActionMask = 2147483647;
			files = (
				2EA930941DC438BD0065B905 /* DooogeUITests.m in Sources */,
			);
			runOnlyForDeploymentPostprocessing = 0;
		};
		2EA930A11DC43B910065B905 /* Sources */ = {
			isa = PBXSourcesBuildPhase;
			buildActionMask = 2147483647;
			files = (
				2E1829A21DC4D7030072722C /* MessageView.swift in Sources */,
				2EA930AB1DC43B910065B905 /* TodayViewController.swift in Sources */,
				2E18298F1DC4C8D10072722C /* GifImageView.swift in Sources */,
				2E1829E11DC5000E0072722C /* Bubble.swift in Sources */,
			);
			runOnlyForDeploymentPostprocessing = 0;
		};
/* End PBXSourcesBuildPhase section */

/* Begin PBXTargetDependency section */
		2EA930861DC438BD0065B905 /* PBXTargetDependency */ = {
			isa = PBXTargetDependency;
			target = 2EA9306A1DC438BC0065B905 /* Doooge */;
			targetProxy = 2EA930851DC438BD0065B905 /* PBXContainerItemProxy */;
		};
		2EA930911DC438BD0065B905 /* PBXTargetDependency */ = {
			isa = PBXTargetDependency;
			target = 2EA9306A1DC438BC0065B905 /* Doooge */;
			targetProxy = 2EA930901DC438BD0065B905 /* PBXContainerItemProxy */;
		};
		2EA930B11DC43B910065B905 /* PBXTargetDependency */ = {
			isa = PBXTargetDependency;
			target = 2EA930A41DC43B910065B905 /* My Doooge */;
			targetProxy = 2EA930B01DC43B910065B905 /* PBXContainerItemProxy */;
		};
/* End PBXTargetDependency section */

/* Begin PBXVariantGroup section */
		2E7EEDC61DC486CC000AC993 /* MainInterface.storyboard */ = {
			isa = PBXVariantGroup;
			children = (
				2E7EEDC71DC486CC000AC993 /* Base */,
			);
			name = MainInterface.storyboard;
			sourceTree = "<group>";
		};
		2EA9307C1DC438BC0065B905 /* LaunchScreen.storyboard */ = {
			isa = PBXVariantGroup;
			children = (
				2EA9307D1DC438BC0065B905 /* Base */,
			);
			name = LaunchScreen.storyboard;
			sourceTree = "<group>";
		};
/* End PBXVariantGroup section */

/* Begin XCBuildConfiguration section */
		2EA930961DC438BD0065B905 /* Debug */ = {
			isa = XCBuildConfiguration;
			buildSettings = {
				ALWAYS_SEARCH_USER_PATHS = NO;
				CLANG_ANALYZER_NONNULL = YES;
				CLANG_CXX_LANGUAGE_STANDARD = "gnu++0x";
				CLANG_CXX_LIBRARY = "libc++";
				CLANG_ENABLE_MODULES = YES;
				CLANG_ENABLE_OBJC_ARC = YES;
				CLANG_WARN_BOOL_CONVERSION = YES;
				CLANG_WARN_CONSTANT_CONVERSION = YES;
				CLANG_WARN_DIRECT_OBJC_ISA_USAGE = YES_ERROR;
				CLANG_WARN_DOCUMENTATION_COMMENTS = YES;
				CLANG_WARN_EMPTY_BODY = YES;
				CLANG_WARN_ENUM_CONVERSION = YES;
				CLANG_WARN_INFINITE_RECURSION = YES;
				CLANG_WARN_INT_CONVERSION = YES;
				CLANG_WARN_OBJC_ROOT_CLASS = YES_ERROR;
				CLANG_WARN_SUSPICIOUS_MOVES = YES;
				CLANG_WARN_UNREACHABLE_CODE = YES;
				CLANG_WARN__DUPLICATE_METHOD_MATCH = YES;
				"CODE_SIGN_IDENTITY[sdk=iphoneos*]" = "iPhone Developer";
				COPY_PHASE_STRIP = NO;
				DEBUG_INFORMATION_FORMAT = dwarf;
				ENABLE_STRICT_OBJC_MSGSEND = YES;
				ENABLE_TESTABILITY = YES;
				GCC_C_LANGUAGE_STANDARD = gnu99;
				GCC_DYNAMIC_NO_PIC = NO;
				GCC_NO_COMMON_BLOCKS = YES;
				GCC_OPTIMIZATION_LEVEL = 0;
				GCC_PREPROCESSOR_DEFINITIONS = (
					"DEBUG=1",
					"$(inherited)",
				);
				GCC_WARN_64_TO_32_BIT_CONVERSION = YES;
				GCC_WARN_ABOUT_RETURN_TYPE = YES_ERROR;
				GCC_WARN_UNDECLARED_SELECTOR = YES;
				GCC_WARN_UNINITIALIZED_AUTOS = YES_AGGRESSIVE;
				GCC_WARN_UNUSED_FUNCTION = YES;
				GCC_WARN_UNUSED_VARIABLE = YES;
				IPHONEOS_DEPLOYMENT_TARGET = 10.0;
				MTL_ENABLE_DEBUG_INFO = YES;
				ONLY_ACTIVE_ARCH = YES;
				SDKROOT = iphoneos;
			};
			name = Debug;
		};
		2EA930971DC438BD0065B905 /* Release */ = {
			isa = XCBuildConfiguration;
			buildSettings = {
				ALWAYS_SEARCH_USER_PATHS = NO;
				CLANG_ANALYZER_NONNULL = YES;
				CLANG_CXX_LANGUAGE_STANDARD = "gnu++0x";
				CLANG_CXX_LIBRARY = "libc++";
				CLANG_ENABLE_MODULES = YES;
				CLANG_ENABLE_OBJC_ARC = YES;
				CLANG_WARN_BOOL_CONVERSION = YES;
				CLANG_WARN_CONSTANT_CONVERSION = YES;
				CLANG_WARN_DIRECT_OBJC_ISA_USAGE = YES_ERROR;
				CLANG_WARN_DOCUMENTATION_COMMENTS = YES;
				CLANG_WARN_EMPTY_BODY = YES;
				CLANG_WARN_ENUM_CONVERSION = YES;
				CLANG_WARN_INFINITE_RECURSION = YES;
				CLANG_WARN_INT_CONVERSION = YES;
				CLANG_WARN_OBJC_ROOT_CLASS = YES_ERROR;
				CLANG_WARN_SUSPICIOUS_MOVES = YES;
				CLANG_WARN_UNREACHABLE_CODE = YES;
				CLANG_WARN__DUPLICATE_METHOD_MATCH = YES;
				"CODE_SIGN_IDENTITY[sdk=iphoneos*]" = "iPhone Developer";
				COPY_PHASE_STRIP = NO;
				DEBUG_INFORMATION_FORMAT = "dwarf-with-dsym";
				ENABLE_NS_ASSERTIONS = NO;
				ENABLE_STRICT_OBJC_MSGSEND = YES;
				GCC_C_LANGUAGE_STANDARD = gnu99;
				GCC_NO_COMMON_BLOCKS = YES;
				GCC_WARN_64_TO_32_BIT_CONVERSION = YES;
				GCC_WARN_ABOUT_RETURN_TYPE = YES_ERROR;
				GCC_WARN_UNDECLARED_SELECTOR = YES;
				GCC_WARN_UNINITIALIZED_AUTOS = YES_AGGRESSIVE;
				GCC_WARN_UNUSED_FUNCTION = YES;
				GCC_WARN_UNUSED_VARIABLE = YES;
				IPHONEOS_DEPLOYMENT_TARGET = 10.0;
				MTL_ENABLE_DEBUG_INFO = NO;
				SDKROOT = iphoneos;
				VALIDATE_PRODUCT = YES;
			};
			name = Release;
		};
		2EA930991DC438BD0065B905 /* Debug */ = {
			isa = XCBuildConfiguration;
			baseConfigurationReference = 05DC02C671597A690BCD3EA0 /* Pods-Doooge.debug.xcconfig */;
			buildSettings = {
				ALWAYS_EMBED_SWIFT_STANDARD_LIBRARIES = YES;
				ASSETCATALOG_COMPILER_APPICON_NAME = AppIcon;
				CODE_SIGN_ENTITLEMENTS = Doooge/Doooge.entitlements;
				"CODE_SIGN_IDENTITY[sdk=iphoneos*]" = "iPhone Developer";
				DEVELOPMENT_TEAM = T97FFXXX75;
				GCC_PREFIX_HEADER = "$(SRCROOT)/Doooge/PrefixHeader.pch";
				INFOPLIST_FILE = Doooge/Info.plist;
				IPHONEOS_DEPLOYMENT_TARGET = 10.0;
				LD_RUNPATH_SEARCH_PATHS = "$(inherited) @executable_path/Frameworks";
				PRODUCT_BUNDLE_IDENTIFIER = Victor.Doooge;
				PRODUCT_NAME = "$(TARGET_NAME)";
			};
			name = Debug;
		};
		2EA9309A1DC438BD0065B905 /* Release */ = {
			isa = XCBuildConfiguration;
			baseConfigurationReference = 6F6735FDC46C53FC5F58932E /* Pods-Doooge.release.xcconfig */;
			buildSettings = {
				ALWAYS_EMBED_SWIFT_STANDARD_LIBRARIES = YES;
				ASSETCATALOG_COMPILER_APPICON_NAME = AppIcon;
				CODE_SIGN_ENTITLEMENTS = Doooge/Doooge.entitlements;
				"CODE_SIGN_IDENTITY[sdk=iphoneos*]" = "iPhone Developer";
				DEVELOPMENT_TEAM = T97FFXXX75;
				GCC_PREFIX_HEADER = "$(SRCROOT)/Doooge/PrefixHeader.pch";
				INFOPLIST_FILE = Doooge/Info.plist;
				IPHONEOS_DEPLOYMENT_TARGET = 10.0;
				LD_RUNPATH_SEARCH_PATHS = "$(inherited) @executable_path/Frameworks";
				PRODUCT_BUNDLE_IDENTIFIER = Victor.Doooge;
				PRODUCT_NAME = "$(TARGET_NAME)";
			};
			name = Release;
		};
		2EA9309C1DC438BD0065B905 /* Debug */ = {
			isa = XCBuildConfiguration;
			buildSettings = {
				BUNDLE_LOADER = "$(TEST_HOST)";
				DEVELOPMENT_TEAM = T97FFXXX75;
				INFOPLIST_FILE = DooogeTests/Info.plist;
				LD_RUNPATH_SEARCH_PATHS = "$(inherited) @executable_path/Frameworks @loader_path/Frameworks";
				PRODUCT_BUNDLE_IDENTIFIER = Victor.DooogeTests;
				PRODUCT_NAME = "$(TARGET_NAME)";
				TEST_HOST = "$(BUILT_PRODUCTS_DIR)/Doooge.app/Doooge";
			};
			name = Debug;
		};
		2EA9309D1DC438BD0065B905 /* Release */ = {
			isa = XCBuildConfiguration;
			buildSettings = {
				BUNDLE_LOADER = "$(TEST_HOST)";
				DEVELOPMENT_TEAM = T97FFXXX75;
				INFOPLIST_FILE = DooogeTests/Info.plist;
				LD_RUNPATH_SEARCH_PATHS = "$(inherited) @executable_path/Frameworks @loader_path/Frameworks";
				PRODUCT_BUNDLE_IDENTIFIER = Victor.DooogeTests;
				PRODUCT_NAME = "$(TARGET_NAME)";
				TEST_HOST = "$(BUILT_PRODUCTS_DIR)/Doooge.app/Doooge";
			};
			name = Release;
		};
		2EA9309F1DC438BD0065B905 /* Debug */ = {
			isa = XCBuildConfiguration;
			buildSettings = {
				DEVELOPMENT_TEAM = T97FFXXX75;
				INFOPLIST_FILE = DooogeUITests/Info.plist;
				LD_RUNPATH_SEARCH_PATHS = "$(inherited) @executable_path/Frameworks @loader_path/Frameworks";
				PRODUCT_BUNDLE_IDENTIFIER = Victor.DooogeUITests;
				PRODUCT_NAME = "$(TARGET_NAME)";
				TEST_TARGET_NAME = Doooge;
			};
			name = Debug;
		};
		2EA930A01DC438BD0065B905 /* Release */ = {
			isa = XCBuildConfiguration;
			buildSettings = {
				DEVELOPMENT_TEAM = T97FFXXX75;
				INFOPLIST_FILE = DooogeUITests/Info.plist;
				LD_RUNPATH_SEARCH_PATHS = "$(inherited) @executable_path/Frameworks @loader_path/Frameworks";
				PRODUCT_BUNDLE_IDENTIFIER = Victor.DooogeUITests;
				PRODUCT_NAME = "$(TARGET_NAME)";
				TEST_TARGET_NAME = Doooge;
			};
			name = Release;
		};
		2EA930B41DC43B910065B905 /* Debug */ = {
			isa = XCBuildConfiguration;
			buildSettings = {
				CODE_SIGN_ENTITLEMENTS = "My Doooge/My Doooge.entitlements";
				DEVELOPMENT_TEAM = T97FFXXX75;
				INFOPLIST_FILE = "My Doooge/Info.plist";
				IPHONEOS_DEPLOYMENT_TARGET = 10.0;
				LD_RUNPATH_SEARCH_PATHS = "$(inherited) @executable_path/Frameworks @executable_path/../../Frameworks";
				PRODUCT_BUNDLE_IDENTIFIER = "Victor.Doooge.My-Doooge";
				PRODUCT_NAME = "$(TARGET_NAME)";
				SKIP_INSTALL = YES;
				SWIFT_ACTIVE_COMPILATION_CONDITIONS = DEBUG;
				SWIFT_OPTIMIZATION_LEVEL = "-Onone";
				SWIFT_VERSION = 3.0;
				TARGETED_DEVICE_FAMILY = 1;
			};
			name = Debug;
		};
		2EA930B51DC43B910065B905 /* Release */ = {
			isa = XCBuildConfiguration;
			buildSettings = {
				CODE_SIGN_ENTITLEMENTS = "My Doooge/My Doooge.entitlements";
				DEVELOPMENT_TEAM = T97FFXXX75;
				INFOPLIST_FILE = "My Doooge/Info.plist";
				IPHONEOS_DEPLOYMENT_TARGET = 10.0;
				LD_RUNPATH_SEARCH_PATHS = "$(inherited) @executable_path/Frameworks @executable_path/../../Frameworks";
				PRODUCT_BUNDLE_IDENTIFIER = "Victor.Doooge.My-Doooge";
				PRODUCT_NAME = "$(TARGET_NAME)";
				SKIP_INSTALL = YES;
				SWIFT_OPTIMIZATION_LEVEL = "-Owholemodule";
				SWIFT_VERSION = 3.0;
				TARGETED_DEVICE_FAMILY = 1;
			};
			name = Release;
		};
/* End XCBuildConfiguration section */

/* Begin XCConfigurationList section */
		2EA930661DC438BB0065B905 /* Build configuration list for PBXProject "Doooge" */ = {
			isa = XCConfigurationList;
			buildConfigurations = (
				2EA930961DC438BD0065B905 /* Debug */,
				2EA930971DC438BD0065B905 /* Release */,
			);
			defaultConfigurationIsVisible = 0;
			defaultConfigurationName = Release;
		};
		2EA930981DC438BD0065B905 /* Build configuration list for PBXNativeTarget "Doooge" */ = {
			isa = XCConfigurationList;
			buildConfigurations = (
				2EA930991DC438BD0065B905 /* Debug */,
				2EA9309A1DC438BD0065B905 /* Release */,
			);
			defaultConfigurationIsVisible = 0;
			defaultConfigurationName = Release;
		};
		2EA9309B1DC438BD0065B905 /* Build configuration list for PBXNativeTarget "DooogeTests" */ = {
			isa = XCConfigurationList;
			buildConfigurations = (
				2EA9309C1DC438BD0065B905 /* Debug */,
				2EA9309D1DC438BD0065B905 /* Release */,
			);
			defaultConfigurationIsVisible = 0;
			defaultConfigurationName = Release;
		};
		2EA9309E1DC438BD0065B905 /* Build configuration list for PBXNativeTarget "DooogeUITests" */ = {
			isa = XCConfigurationList;
			buildConfigurations = (
				2EA9309F1DC438BD0065B905 /* Debug */,
				2EA930A01DC438BD0065B905 /* Release */,
			);
			defaultConfigurationIsVisible = 0;
			defaultConfigurationName = Release;
		};
		2EA930B31DC43B910065B905 /* Build configuration list for PBXNativeTarget "My Doooge" */ = {
			isa = XCConfigurationList;
			buildConfigurations = (
				2EA930B41DC43B910065B905 /* Debug */,
				2EA930B51DC43B910065B905 /* Release */,
			);
			defaultConfigurationIsVisible = 0;
			defaultConfigurationName = Release;
		};
/* End XCConfigurationList section */
	};
	rootObject = 2EA930631DC438BB0065B905 /* Project object */;
}
